
Microsoft Visual Studio Solution File, Format Version 12.00
# Visual Studio Version 16
VisualStudioVersion = 16.0.30225.117
MinimumVisualStudioVersion = 10.0.40219.1
Project("{FAE04EC0-301F-11D3-BF4B-00C04F79EFBC}") = "PrescoOrderConsole", "PrescoOrderConsole\PrescoOrderConsole.csproj", "{F6F65DBA-5540-472F-B619-B586FD63ED5A}"
EndProject
Global
	GlobalSection(SolutionConfigurationPlatforms) = preSolution
		Debug|Any CPU = Debug|Any CPU
		Release|Any CPU = Release|Any CPU
	EndGlobalSection
	GlobalSection(ProjectConfigurationPlatforms) = postSolution
		{F6F65DBA-5540-472F-B619-B586FD63ED5A}.Debug|Any CPU.ActiveCfg = Debug|Any CPU
		{F6F65DBA-5540-472F-B619-B586FD63ED5A}.Debug|Any CPU.Build.0 = Debug|Any CPU
		{F6F65DBA-5540-472F-B619-B586FD63ED5A}.Release|Any CPU.ActiveCfg = Release|Any CPU
		{F6F65DBA-5540-472F-B619-B586FD63ED5A}.Release|Any CPU.Build.0 = Release|Any CPU
	EndGlobalSection
	GlobalSection(SolutionProperties) = preSolution
		HideSolutionNode = FALSE
	EndGlobalSection
	GlobalSection(ExtensibilityGlobals) = postSolution
		SolutionGuid = {675F09DA-3043-498E-A56A-734AB8451C26}
	EndGlobalSection
EndGlobal
